
Microsoft Visual Studio Solution File, Format Version 12.00
# Visual Studio Version 16
VisualStudioVersion = 16.0.30225.117
MinimumVisualStudioVersion = 10.0.40219.1
Project("{9A19103F-16F7-4668-BE54-9A1E7A4F7556}") = "ParkingLotAPI", "ParkingLotAPI\ParkingLotAPI.csproj", "{CF41B3A9-D99A-49A8-9245-A1AC3FA84B48}"
EndProject
Project("{9A19103F-16F7-4668-BE54-9A1E7A4F7556}") = "BusinessLayer", "BusinessLayer\BusinessLayer.csproj", "{828451A6-2B96-4BD6-8151-206BA3AC19EA}"
EndProject
Project("{9A19103F-16F7-4668-BE54-9A1E7A4F7556}") = "CommonLayer", "CommonLayer\CommonLayer.csproj", "{14FC2A5C-E7A0-4B01-8346-1D94303E3C22}"
EndProject
Project("{9A19103F-16F7-4668-BE54-9A1E7A4F7556}") = "RepositoryLayer", "RepositoryLayer\RepositoryLayer.csproj", "{0069998E-A4AF-4F21-BA32-64763B6B2EC2}"
EndProject
Project("{9A19103F-16F7-4668-BE54-9A1E7A4F7556}") = "XUnitTestProject", "XUnitTestProject\XUnitTestProject.csproj", "{587A9266-5018-4B56-A583-E7667A95385C}"
EndProject
Project("{00D1A9C2-B5F0-4AF3-8072-F6C62B433612}") = "ParkingLotDatabase", "ParkingLotDatabase\ParkingLotDatabase.sqlproj", "{9EAF3A60-5119-47AF-A7C6-40D64EB0E2B7}"
EndProject
Project("{FAE04EC0-301F-11D3-BF4B-00C04F79EFBC}") = "MSMQ", "MSMQ\MSMQ.csproj", "{9997FCC8-8792-4390-8AFE-20547FCCA8B7}"
EndProject
Global
	GlobalSection(SolutionConfigurationPlatforms) = preSolution
		Debug|Any CPU = Debug|Any CPU
		Release|Any CPU = Release|Any CPU
	EndGlobalSection
	GlobalSection(ProjectConfigurationPlatforms) = postSolution
		{CF41B3A9-D99A-49A8-9245-A1AC3FA84B48}.Debug|Any CPU.ActiveCfg = Debug|Any CPU
		{CF41B3A9-D99A-49A8-9245-A1AC3FA84B48}.Debug|Any CPU.Build.0 = Debug|Any CPU
		{CF41B3A9-D99A-49A8-9245-A1AC3FA84B48}.Release|Any CPU.ActiveCfg = Release|Any CPU
		{CF41B3A9-D99A-49A8-9245-A1AC3FA84B48}.Release|Any CPU.Build.0 = Release|Any CPU
		{828451A6-2B96-4BD6-8151-206BA3AC19EA}.Debug|Any CPU.ActiveCfg = Debug|Any CPU
		{828451A6-2B96-4BD6-8151-206BA3AC19EA}.Debug|Any CPU.Build.0 = Debug|Any CPU
		{828451A6-2B96-4BD6-8151-206BA3AC19EA}.Release|Any CPU.ActiveCfg = Release|Any CPU
		{828451A6-2B96-4BD6-8151-206BA3AC19EA}.Release|Any CPU.Build.0 = Release|Any CPU
		{14FC2A5C-E7A0-4B01-8346-1D94303E3C22}.Debug|Any CPU.ActiveCfg = Debug|Any CPU
		{14FC2A5C-E7A0-4B01-8346-1D94303E3C22}.Debug|Any CPU.Build.0 = Debug|Any CPU
		{14FC2A5C-E7A0-4B01-8346-1D94303E3C22}.Release|Any CPU.ActiveCfg = Release|Any CPU
		{14FC2A5C-E7A0-4B01-8346-1D94303E3C22}.Release|Any CPU.Build.0 = Release|Any CPU
		{0069998E-A4AF-4F21-BA32-64763B6B2EC2}.Debug|Any CPU.ActiveCfg = Debug|Any CPU
		{0069998E-A4AF-4F21-BA32-64763B6B2EC2}.Debug|Any CPU.Build.0 = Debug|Any CPU
		{0069998E-A4AF-4F21-BA32-64763B6B2EC2}.Release|Any CPU.ActiveCfg = Release|Any CPU
		{0069998E-A4AF-4F21-BA32-64763B6B2EC2}.Release|Any CPU.Build.0 = Release|Any CPU
		{587A9266-5018-4B56-A583-E7667A95385C}.Debug|Any CPU.ActiveCfg = Debug|Any CPU
		{587A9266-5018-4B56-A583-E7667A95385C}.Debug|Any CPU.Build.0 = Debug|Any CPU
		{587A9266-5018-4B56-A583-E7667A95385C}.Release|Any CPU.ActiveCfg = Release|Any CPU
		{587A9266-5018-4B56-A583-E7667A95385C}.Release|Any CPU.Build.0 = Release|Any CPU
		{9EAF3A60-5119-47AF-A7C6-40D64EB0E2B7}.Debug|Any CPU.ActiveCfg = Debug|Any CPU
		{9EAF3A60-5119-47AF-A7C6-40D64EB0E2B7}.Debug|Any CPU.Build.0 = Debug|Any CPU
		{9EAF3A60-5119-47AF-A7C6-40D64EB0E2B7}.Debug|Any CPU.Deploy.0 = Debug|Any CPU
		{9EAF3A60-5119-47AF-A7C6-40D64EB0E2B7}.Release|Any CPU.ActiveCfg = Release|Any CPU
		{9EAF3A60-5119-47AF-A7C6-40D64EB0E2B7}.Release|Any CPU.Build.0 = Release|Any CPU
		{9EAF3A60-5119-47AF-A7C6-40D64EB0E2B7}.Release|Any CPU.Deploy.0 = Release|Any CPU
		{9997FCC8-8792-4390-8AFE-20547FCCA8B7}.Debug|Any CPU.ActiveCfg = Debug|Any CPU
		{9997FCC8-8792-4390-8AFE-20547FCCA8B7}.Debug|Any CPU.Build.0 = Debug|Any CPU
		{9997FCC8-8792-4390-8AFE-20547FCCA8B7}.Release|Any CPU.ActiveCfg = Release|Any CPU
		{9997FCC8-8792-4390-8AFE-20547FCCA8B7}.Release|Any CPU.Build.0 = Release|Any CPU
	EndGlobalSection
	GlobalSection(SolutionProperties) = preSolution
		HideSolutionNode = FALSE
	EndGlobalSection
	GlobalSection(ExtensibilityGlobals) = postSolution
		SolutionGuid = {CA321B1C-3B56-4724-BC35-F88F8624A6EC}
	EndGlobalSection
EndGlobal
